
Microsoft Visual Studio Solution File, Format Version 12.00
# Visual Studio 14
VisualStudioVersion = 14.0.25420.1
MinimumVisualStudioVersion = 10.0.40219.1
Project("{FAE04EC0-301F-11D3-BF4B-00C04F79EFBC}") = "Trainers.Website", "Trainers.Website\Trainers.Website.csproj", "{7A335152-7A71-4130-8FCE-84543A10167C}"
EndProject
Project("{FAE04EC0-301F-11D3-BF4B-00C04F79EFBC}") = "Trainers.Repositories", "Trainers.Repositories\Trainers.Repositories.csproj", "{E17FACEB-1104-4372-BA21-625392A63981}"
EndProject
Project("{FAE04EC0-301F-11D3-BF4B-00C04F79EFBC}") = "Trainers.Services", "Trainers.Services\Trainers.Services.csproj", "{92107EC3-28DE-486C-AE97-40ADB730781D}"
EndProject
Project("{FAE04EC0-301F-11D3-BF4B-00C04F79EFBC}") = "Trainers.Data", "Trainers.Data\Trainers.Data.csproj", "{0934106E-7541-4DD1-B768-D29A3DA91725}"
EndProject
Project("{FAE04EC0-301F-11D3-BF4B-00C04F79EFBC}") = "Trainers.DataAccess", "Trainers.DataAccess\Trainers.DataAccess.csproj", "{46AB651B-11BC-4342-B57F-971D54C2FD6B}"
EndProject
Project("{FAE04EC0-301F-11D3-BF4B-00C04F79EFBC}") = "TestConsoleApp", "TestConsoleApp\TestConsoleApp.csproj", "{B9137373-03EB-46BA-A524-5C2BC19F4A3B}"
EndProject
Global
	GlobalSection(SolutionConfigurationPlatforms) = preSolution
		Debug|Any CPU = Debug|Any CPU
		Release|Any CPU = Release|Any CPU
	EndGlobalSection
	GlobalSection(ProjectConfigurationPlatforms) = postSolution
		{7A335152-7A71-4130-8FCE-84543A10167C}.Debug|Any CPU.ActiveCfg = Debug|Any CPU
		{7A335152-7A71-4130-8FCE-84543A10167C}.Debug|Any CPU.Build.0 = Debug|Any CPU
		{7A335152-7A71-4130-8FCE-84543A10167C}.Release|Any CPU.ActiveCfg = Release|Any CPU
		{7A335152-7A71-4130-8FCE-84543A10167C}.Release|Any CPU.Build.0 = Release|Any CPU
		{E17FACEB-1104-4372-BA21-625392A63981}.Debug|Any CPU.ActiveCfg = Debug|Any CPU
		{E17FACEB-1104-4372-BA21-625392A63981}.Debug|Any CPU.Build.0 = Debug|Any CPU
		{E17FACEB-1104-4372-BA21-625392A63981}.Release|Any CPU.ActiveCfg = Release|Any CPU
		{E17FACEB-1104-4372-BA21-625392A63981}.Release|Any CPU.Build.0 = Release|Any CPU
		{92107EC3-28DE-486C-AE97-40ADB730781D}.Debug|Any CPU.ActiveCfg = Debug|Any CPU
		{92107EC3-28DE-486C-AE97-40ADB730781D}.Debug|Any CPU.Build.0 = Debug|Any CPU
		{92107EC3-28DE-486C-AE97-40ADB730781D}.Release|Any CPU.ActiveCfg = Release|Any CPU
		{92107EC3-28DE-486C-AE97-40ADB730781D}.Release|Any CPU.Build.0 = Release|Any CPU
		{0934106E-7541-4DD1-B768-D29A3DA91725}.Debug|Any CPU.ActiveCfg = Debug|Any CPU
		{0934106E-7541-4DD1-B768-D29A3DA91725}.Debug|Any CPU.Build.0 = Debug|Any CPU
		{0934106E-7541-4DD1-B768-D29A3DA91725}.Release|Any CPU.ActiveCfg = Release|Any CPU
		{0934106E-7541-4DD1-B768-D29A3DA91725}.Release|Any CPU.Build.0 = Release|Any CPU
		{46AB651B-11BC-4342-B57F-971D54C2FD6B}.Debug|Any CPU.ActiveCfg = Debug|Any CPU
		{46AB651B-11BC-4342-B57F-971D54C2FD6B}.Debug|Any CPU.Build.0 = Debug|Any CPU
		{46AB651B-11BC-4342-B57F-971D54C2FD6B}.Release|Any CPU.ActiveCfg = Release|Any CPU
		{46AB651B-11BC-4342-B57F-971D54C2FD6B}.Release|Any CPU.Build.0 = Release|Any CPU
		{B9137373-03EB-46BA-A524-5C2BC19F4A3B}.Debug|Any CPU.ActiveCfg = Debug|Any CPU
		{B9137373-03EB-46BA-A524-5C2BC19F4A3B}.Debug|Any CPU.Build.0 = Debug|Any CPU
		{B9137373-03EB-46BA-A524-5C2BC19F4A3B}.Release|Any CPU.ActiveCfg = Release|Any CPU
		{B9137373-03EB-46BA-A524-5C2BC19F4A3B}.Release|Any CPU.Build.0 = Release|Any CPU
	EndGlobalSection
	GlobalSection(SolutionProperties) = preSolution
		HideSolutionNode = FALSE
	EndGlobalSection
EndGlobal
